
Microsoft Visual Studio Solution File, Format Version 12.00
# Visual Studio Version 17
VisualStudioVersion = 17.4.33403.182
MinimumVisualStudioVersion = 10.0.40219.1
Project("{9A19103F-16F7-4668-BE54-9A1E7A4F7556}") = "Code_Base", "Code_Base\Code_Base.csproj", "{C53E682F-64BA-4D55-B4D1-C6FAFB461AC6}"
EndProject
Project("{9A19103F-16F7-4668-BE54-9A1E7A4F7556}") = "Real_World", "Real_World\Real_World.csproj", "{3E313AE3-1926-41D7-8172-BE16C0C10E78}"
EndProject
Project("{FAE04EC0-301F-11D3-BF4B-00C04F79EFBC}") = "calculator", "calculator\calculator.csproj", "{55FDD1D6-0ADB-453A-B1E3-F0ED4A59CEBE}"
EndProject
Global
	GlobalSection(SolutionConfigurationPlatforms) = preSolution
		Debug|Any CPU = Debug|Any CPU
		Release|Any CPU = Release|Any CPU
	EndGlobalSection
	GlobalSection(ProjectConfigurationPlatforms) = postSolution
		{C53E682F-64BA-4D55-B4D1-C6FAFB461AC6}.Debug|Any CPU.ActiveCfg = Debug|Any CPU
		{C53E682F-64BA-4D55-B4D1-C6FAFB461AC6}.Debug|Any CPU.Build.0 = Debug|Any CPU
		{C53E682F-64BA-4D55-B4D1-C6FAFB461AC6}.Release|Any CPU.ActiveCfg = Release|Any CPU
		{C53E682F-64BA-4D55-B4D1-C6FAFB461AC6}.Release|Any CPU.Build.0 = Release|Any CPU
		{3E313AE3-1926-41D7-8172-BE16C0C10E78}.Debug|Any CPU.ActiveCfg = Debug|Any CPU
		{3E313AE3-1926-41D7-8172-BE16C0C10E78}.Debug|Any CPU.Build.0 = Debug|Any CPU
		{3E313AE3-1926-41D7-8172-BE16C0C10E78}.Release|Any CPU.ActiveCfg = Release|Any CPU
		{3E313AE3-1926-41D7-8172-BE16C0C10E78}.Release|Any CPU.Build.0 = Release|Any CPU
		{55FDD1D6-0ADB-453A-B1E3-F0ED4A59CEBE}.Debug|Any CPU.ActiveCfg = Debug|Any CPU
		{55FDD1D6-0ADB-453A-B1E3-F0ED4A59CEBE}.Debug|Any CPU.Build.0 = Debug|Any CPU
		{55FDD1D6-0ADB-453A-B1E3-F0ED4A59CEBE}.Release|Any CPU.ActiveCfg = Release|Any CPU
		{55FDD1D6-0ADB-453A-B1E3-F0ED4A59CEBE}.Release|Any CPU.Build.0 = Release|Any CPU
	EndGlobalSection
	GlobalSection(SolutionProperties) = preSolution
		HideSolutionNode = FALSE
	EndGlobalSection
	GlobalSection(ExtensibilityGlobals) = postSolution
		SolutionGuid = {669F8B35-BE57-4CA4-9C01-64F29E2928B8}
	EndGlobalSection
EndGlobal
